<?xml version="1.0" encoding="utf-8"?>
<Project ToolsVersion="4.0" xmlns="http://schemas.microsoft.com/developer/msbuild/2003">
  <ItemGroup>
    <Filter Include="Source Files">
      <UniqueIdentifier>{4FC737F1-C7A5-4376-A066-2A32D752A2FF}</UniqueIdentifier>
      <Extensions>cpp;c;cc;cxx;c++;cppm;ixx;def;odl;idl;hpj;bat;asm;asmx</Extensions>
    </Filter>
    <Filter Include="Header Files">
      <UniqueIdentifier>{93995380-89BD-4b04-88EB-625FBE52EBFB}</UniqueIdentifier>
      <Extensions>h;hh;hpp;hxx;h++;hm;inl;inc;ipp;xsd</Extensions>
    </Filter>
    <Filter Include="Resource Files">
      <UniqueIdentifier>{67DA6AB6-F800-4c08-8B7A-83BB121AAD01}</UniqueIdentifier>
      <Extensions>rc;ico;cur;bmp;dlg;rc2;rct;bin;rgs;gif;jpg;jpeg;jpe;resx;tiff;tif;png;wav;mfcribbon-ms</Extensions>
    </Filter>
  </ItemGroup>
  <ItemGroup>
    <ClInclude Include="..\jpeg-9f\jconfig.h">
      <Filter>Header Files</Filter>
    </ClInclude>
    <ClInclude Include="..\jpeg-9f\jdct.h">
      <Filter>Header Files</Filter>
    </ClInclude>
    <ClInclude Include="..\jpeg-9f\jerror.h">
      <Filter>Header Files</Filter>
    </ClInclude>
    <ClInclude Include="..\jpeg-9f\jinclude.h">
      <Filter>Header Files</Filter>
    </ClInclude>
    <ClInclude Include="..\jpeg-9f\jmemsys.h">
      <Filter>Header Files</Filter>
    </ClInclude>
    <ClInclude Include="..\jpeg-9f\jmorecfg.h">
      <Filter>Header Files</Filter>
    </ClInclude>
    <ClInclude Include="..\jpeg-9f\jpegint.h">
      <Filter>Header Files</Filter>
    </ClInclude>
    <ClInclude Include="..\jpeg-9f\jpeglib.h">
      <Filter>Header Files</Filter>
    </ClInclude>
    <ClInclude Include="..\jpeg-9f\jversion.h">
      <Filter>Header Files</Filter>
    </ClInclude>
  </ItemGroup>
  <ItemGroup>
    <ClCompile Include="..\jpeg-9f\jaricom.c">
      <Filter>Source Files</Filter>
    </ClCompile>
    <ClCompile Include="..\jpeg-9f\jcapimin.c">
      <Filter>Source Files</Filter>
    </ClCompile>
    <ClCompile Include="..\jpeg-9f\jcapistd.c">
      <Filter>Source Files</Filter>
    </ClCompile>
    <ClCompile Include="..\jpeg-9f\jcarith.c">
      <Filter>Source Files</Filter>
    </ClCompile>
    <ClCompile Include="..\jpeg-9f\jccoefct.c">
      <Filter>Source Files</Filter>
    </ClCompile>
    <ClCompile Include="..\jpeg-9f\jccolor.c">
      <Filter>Source Files</Filter>
    </ClCompile>
    <ClCompile Include="..\jpeg-9f\jcdctmgr.c">
      <Filter>Source Files</Filter>
    </ClCompile>
    <ClCompile Include="..\jpeg-9f\jchuff.c">
      <Filter>Source Files</Filter>
    </ClCompile>
    <ClCompile Include="..\jpeg-9f\jcinit.c">
      <Filter>Source Files</Filter>
    </ClCompile>
    <ClCompile Include="..\jpeg-9f\jcmainct.c">
      <Filter>Source Files</Filter>
    </ClCompile>
    <ClCompile Include="..\jpeg-9f\jcmarker.c">
      <Filter>Source Files</Filter>
    </ClCompile>
    <ClCompile Include="..\jpeg-9f\jcmaster.c">
      <Filter>Source Files</Filter>
    </ClCompile>
    <ClCompile Include="..\jpeg-9f\jcomapi.c">
      <Filter>Source Files</Filter>
    </ClCompile>
    <ClCompile Include="..\jpeg-9f\jcparam.c">
      <Filter>Source Files</Filter>
    </ClCompile>
    <ClCompile Include="..\jpeg-9f\jcprepct.c">
      <Filter>Source Files</Filter>
    </ClCompile>
    <ClCompile Include="..\jpeg-9f\jcsample.c">
      <Filter>Source Files</Filter>
    </ClCompile>
    <ClCompile Include="..\jpeg-9f\jctrans.c">
      <Filter>Source Files</Filter>
    </ClCompile>
    <ClCompile Include="..\jpeg-9f\jdapimin.c">
      <Filter>Source Files</Filter>
    </ClCompile>
    <ClCompile Include="..\jpeg-9f\jdapistd.c">
      <Filter>Source Files</Filter>
    </ClCompile>
    <ClCompile Include="..\jpeg-9f\jdarith.c">
      <Filter>Source Files</Filter>
    </ClCompile>
    <ClCompile Include="..\jpeg-9f\jdatadst.c">
      <Filter>Source Files</Filter>
    </ClCompile>
    <ClCompile Include="..\jpeg-9f\jdatasrc.c">
      <Filter>Source Files</Filter>
    </ClCompile>
    <ClCompile Include="..\jpeg-9f\jdcoefct.c">
      <Filter>Source Files</Filter>
    </ClCompile>
    <ClCompile Include="..\jpeg-9f\jdcolor.c">
      <Filter>Source Files</Filter>
    </ClCompile>
    <ClCompile Include="..\jpeg-9f\jddctmgr.c">
      <Filter>Source Files</Filter>
    </ClCompile>
    <ClCompile Include="..\jpeg-9f\jdhuff.c">
      <Filter>Source Files</Filter>
    </ClCompile>
    <ClCompile Include="..\jpeg-9f\jdinput.c">
      <Filter>Source Files</Filter>
    </ClCompile>
    <ClCompile Include="..\jpeg-9f\jdmainct.c">
      <Filter>Source Files</Filter>
    </ClCompile>
    <ClCompile Include="..\jpeg-9f\jdmarker.c">
      <Filter>Source Files</Filter>
    </ClCompile>
    <ClCompile Include="..\jpeg-9f\jdmaster.c">
      <Filter>Source Files</Filter>
    </ClCompile>
    <ClCompile Include="..\jpeg-9f\jdmerge.c">
      <Filter>Source Files</Filter>
    </ClCompile>
    <ClCompile Include="..\jpeg-9f\jdpostct.c">
      <Filter>Source Files</Filter>
    </ClCompile>
    <ClCompile Include="..\jpeg-9f\jdsample.c">
      <Filter>Source Files</Filter>
    </ClCompile>
    <ClCompile Include="..\jpeg-9f\jdtrans.c">
      <Filter>Source Files</Filter>
    </ClCompile>
    <ClCompile Include="..\jpeg-9f\jerror.c">
      <Filter>Source Files</Filter>
    </ClCompile>
    <ClCompile Include="..\jpeg-9f\jfdctflt.c">
      <Filter>Source Files</Filter>
    </ClCompile>
    <ClCompile Include="..\jpeg-9f\jfdctfst.c">
      <Filter>Source Files</Filter>
    </ClCompile>
    <ClCompile Include="..\jpeg-9f\jfdctint.c">
      <Filter>Source Files</Filter>
    </ClCompile>
    <ClCompile Include="..\jpeg-9f\jidctflt.c">
      <Filter>Source Files</Filter>
    </ClCompile>
    <ClCompile Include="..\jpeg-9f\jidctfst.c">
      <Filter>Source Files</Filter>
    </ClCompile>
    <ClCompile Include="..\jpeg-9f\jidctint.c">
      <Filter>Source Files</Filter>
    </ClCompile>
    <ClCompile Include="..\jpeg-9f\jmemmgr.c">
      <Filter>Source Files</Filter>
    </ClCompile>
    <ClCompile Include="..\jpeg-9f\jmemnobs.c">
      <Filter>Source Files</Filter>
    </ClCompile>
    <ClCompile Include="..\jpeg-9f\jquant1.c">
      <Filter>Source Files</Filter>
    </ClCompile>
    <ClCompile Include="..\jpeg-9f\jquant2.c">
      <Filter>Source Files</Filter>
    </ClCompile>
    <ClCompile Include="..\jpeg-9f\jutils.c">
      <Filter>Source Files</Filter>
    </ClCompile>
  </ItemGroup>
</Project>