<?xml version="1.0" encoding="utf-8"?>
<Project ToolsVersion="4.0" xmlns="http://schemas.microsoft.com/developer/msbuild/2003">
  <ItemGroup>
    <Filter Include="Source Files">
      <UniqueIdentifier>{4FC737F1-C7A5-4376-A066-2A32D752A2FF}</UniqueIdentifier>
      <Extensions>cpp;c;cc;cxx;c++;cppm;ixx;def;odl;idl;hpj;bat;asm;asmx</Extensions>
    </Filter>
    <Filter Include="Resource Files">
      <UniqueIdentifier>{67DA6AB6-F800-4c08-8B7A-83BB121AAD01}</UniqueIdentifier>
      <Extensions>rc;ico;cur;bmp;dlg;rc2;rct;bin;rgs;gif;jpg;jpeg;jpe;resx;tiff;tif;png;wav;mfcribbon-ms</Extensions>
    </Filter>
    <Filter Include="precompiled header files">
      <UniqueIdentifier>{29fdef52-c8fe-49cb-b7c8-4ef279b46dbc}</UniqueIdentifier>
    </Filter>
  </ItemGroup>
  <ItemGroup>
    <ClInclude Include="resource.h">
      <Filter>Resource Files</Filter>
    </ClInclude>
    <ClInclude Include="dibapi.h">
      <Filter>Source Files</Filter>
    </ClInclude>
    <ClInclude Include="dibdoc.h">
      <Filter>Source Files</Filter>
    </ClInclude>
    <ClInclude Include="diblook.h">
      <Filter>Source Files</Filter>
    </ClInclude>
    <ClInclude Include="dibview.h">
      <Filter>Source Files</Filter>
    </ClInclude>
    <ClInclude Include="DocManagerEx.h">
      <Filter>Source Files</Filter>
    </ClInclude>
    <ClInclude Include="docrop.h">
      <Filter>Source Files</Filter>
    </ClInclude>
    <ClInclude Include="jpegdib.h">
      <Filter>Source Files</Filter>
    </ClInclude>
    <ClInclude Include="mainfrm.h">
      <Filter>Source Files</Filter>
    </ClInclude>
    <ClInclude Include="MultiExtFilterFileDialog.h">
      <Filter>Source Files</Filter>
    </ClInclude>
    <ClInclude Include="OXDllExt.h">
      <Filter>Source Files</Filter>
    </ClInclude>
    <ClInclude Include="OXTabClientWnd.h">
      <Filter>Source Files</Filter>
    </ClInclude>
    <ClInclude Include="targetver.h">
      <Filter>Source Files</Filter>
    </ClInclude>
    <ClInclude Include="transupp.h">
      <Filter>Source Files</Filter>
    </ClInclude>
    <ClInclude Include="pch.h">
      <Filter>precompiled header files</Filter>
    </ClInclude>
    <ClInclude Include="framework.h">
      <Filter>precompiled header files</Filter>
    </ClInclude>
  </ItemGroup>
  <ItemGroup>
    <ClCompile Include="dibapi.cpp">
      <Filter>Source Files</Filter>
    </ClCompile>
    <ClCompile Include="dibdoc.cpp">
      <Filter>Source Files</Filter>
    </ClCompile>
    <ClCompile Include="diblook.cpp">
      <Filter>Source Files</Filter>
    </ClCompile>
    <ClCompile Include="dibtran.cpp">
      <Filter>Source Files</Filter>
    </ClCompile>
    <ClCompile Include="dibview.cpp">
      <Filter>Source Files</Filter>
    </ClCompile>
    <ClCompile Include="DocManagerEx.cpp">
      <Filter>Source Files</Filter>
    </ClCompile>
    <ClCompile Include="docrop.cpp">
      <Filter>Source Files</Filter>
    </ClCompile>
    <ClCompile Include="jpegdib.cpp">
      <Filter>Source Files</Filter>
    </ClCompile>
    <ClCompile Include="mainfrm.cpp">
      <Filter>Source Files</Filter>
    </ClCompile>
    <ClCompile Include="MultiExtFilterFileDialog.cpp">
      <Filter>Source Files</Filter>
    </ClCompile>
    <ClCompile Include="OXTabClientWnd.cpp">
      <Filter>Source Files</Filter>
    </ClCompile>
    <ClCompile Include="transupp.c">
      <Filter>Source Files</Filter>
    </ClCompile>
    <ClCompile Include="pch.cpp">
      <Filter>precompiled header files</Filter>
    </ClCompile>
  </ItemGroup>
  <ItemGroup>
    <Image Include="res\Abendrot00-96pF.bmp">
      <Filter>Resource Files</Filter>
    </Image>
    <Image Include="res\jpegcrop.ico">
      <Filter>Resource Files</Filter>
    </Image>
    <Image Include="res\jpegdoc.ico">
      <Filter>Resource Files</Filter>
    </Image>
    <Image Include="res\Toolbar.bmp">
      <Filter>Resource Files</Filter>
    </Image>
    <Image Include="res\ToolbarDraw.bmp">
      <Filter>Resource Files</Filter>
    </Image>
  </ItemGroup>
  <ItemGroup>
    <Manifest Include="res\jpegcrop.exe.manifest" />
  </ItemGroup>
  <ItemGroup>
    <ResourceCompile Include="DibLook.rc">
      <Filter>Resource Files</Filter>
    </ResourceCompile>
  </ItemGroup>
</Project>